
Microsoft Visual Studio Solution File, Format Version 12.00
# Visual Studio 2013
Project("{FAE04EC0-301F-11D3-BF4B-00C04F79EFBC}") = "SQLOtoKayit", "SQLOtoKayit\SQLOtoKayit.csproj", "{2D98938C-DC63-4978-8649-620AD2895EFD}"
EndProject
Global
	GlobalSection(SolutionConfigurationPlatforms) = preSolution
		Debug|x86 = Debug|x86
		Release|x86 = Release|x86
	EndGlobalSection
	GlobalSection(ProjectConfigurationPlatforms) = postSolution
		{2D98938C-DC63-4978-8649-620AD2895EFD}.Debug|x86.ActiveCfg = Debug|x86
		{2D98938C-DC63-4978-8649-620AD2895EFD}.Debug|x86.Build.0 = Debug|x86
		{2D98938C-DC63-4978-8649-620AD2895EFD}.Release|x86.ActiveCfg = Release|x86
		{2D98938C-DC63-4978-8649-620AD2895EFD}.Release|x86.Build.0 = Release|x86
	EndGlobalSection
	GlobalSection(SolutionProperties) = preSolution
		HideSolutionNode = FALSE
	EndGlobalSection
EndGlobal
